<?xml version="1.0" encoding="utf-8"?>
<Project ToolsVersion="4.0" xmlns="http://schemas.microsoft.com/developer/msbuild/2003">
  <ItemGroup>
    <Filter Include="Source Files">
      <UniqueIdentifier>{4FC737F1-C7A5-4376-A066-2A32D752A2FF}</UniqueIdentifier>
      <Extensions>cpp;c;cc;cxx;def;odl;idl;hpj;bat;asm;asmx</Extensions>
    </Filter>
    <Filter Include="Header Files">
      <UniqueIdentifier>{93995380-89BD-4b04-88EB-625FBE52EBFB}</UniqueIdentifier>
      <Extensions>h;hh;hpp;hxx;hm;inl;inc;xsd</Extensions>
    </Filter>
    <Filter Include="Resource Files">
      <UniqueIdentifier>{67DA6AB6-F800-4c08-8B7A-83BB121AAD01}</UniqueIdentifier>
      <Extensions>rc;ico;cur;bmp;dlg;rc2;rct;bin;rgs;gif;jpg;jpeg;jpe;resx;tiff;tif;png;wav;mfcribbon-ms</Extensions>
    </Filter>
    <Filter Include="Enums">
      <UniqueIdentifier>{ed661e06-c21b-4cf2-bc2b-959c73c98a09}</UniqueIdentifier>
    </Filter>
    <Filter Include="Source Files\Components">
      <UniqueIdentifier>{824ebf94-b27c-4a7d-94d9-5d21efbd1b1e}</UniqueIdentifier>
    </Filter>
    <Filter Include="Header Files\Components">
      <UniqueIdentifier>{2d4f2e98-77e9-4f2c-b397-76496cc272f2}</UniqueIdentifier>
    </Filter>
    <Filter Include="Source Files\Events">
      <UniqueIdentifier>{6d2cec7e-c833-41bf-8556-94665b076abc}</UniqueIdentifier>
    </Filter>
    <Filter Include="Header Files\Events">
      <UniqueIdentifier>{43c386d8-7a2e-410c-a497-bdd14aa6ba93}</UniqueIdentifier>
    </Filter>
    <Filter Include="Header Files\Events\EventTypes">
      <UniqueIdentifier>{7df7713d-d11d-4423-a153-3bf86643c907}</UniqueIdentifier>
    </Filter>
    <Filter Include="Source Files\Events\EventTypes">
      <UniqueIdentifier>{10fe9e9a-0c61-4ae5-b12c-9caf6d41a5db}</UniqueIdentifier>
    </Filter>
    <Filter Include="Header Files\DataTypes">
      <UniqueIdentifier>{45847060-6343-4c6e-b873-27575a8543a2}</UniqueIdentifier>
    </Filter>
    <Filter Include="Source Files\DataTypes">
      <UniqueIdentifier>{69accaa5-55c3-410e-a008-e984732cab49}</UniqueIdentifier>
    </Filter>
  </ItemGroup>
  <ItemGroup>
    <ClCompile Include="ApplicationController.cpp">
      <Filter>Source Files</Filter>
    </ClCompile>
    <ClCompile Include="Main.cpp">
      <Filter>Source Files</Filter>
    </ClCompile>
    <ClCompile Include="Button.cpp">
      <Filter>Source Files</Filter>
    </ClCompile>
    <ClCompile Include="Border.cpp">
      <Filter>Source Files</Filter>
    </ClCompile>
    <ClCompile Include="OnAddListener.cpp">
      <Filter>Source Files</Filter>
    </ClCompile>
    <ClCompile Include="Pane.cpp">
      <Filter>Source Files</Filter>
    </ClCompile>
    <ClCompile Include="ComponentListener.cpp">
      <Filter>Source Files</Filter>
    </ClCompile>
    <ClCompile Include="VectorContainer.cpp">
      <Filter>Source Files</Filter>
    </ClCompile>
    <ClCompile Include="AddEventInfo.cpp">
      <Filter>Source Files</Filter>
    </ClCompile>
    <ClCompile Include="EventHoverInfo.cpp">
      <Filter>Source Files</Filter>
    </ClCompile>
    <ClCompile Include="ResizeSubject.cpp">
      <Filter>Source Files\Events</Filter>
    </ClCompile>
    <ClCompile Include="MoveSubject.cpp">
      <Filter>Source Files\Events</Filter>
    </ClCompile>
    <ClCompile Include="KeyStateSubject.cpp">
      <Filter>Source Files\Events</Filter>
    </ClCompile>
    <ClCompile Include="MouseStateSubject.cpp">
      <Filter>Source Files\Events</Filter>
    </ClCompile>
    <ClCompile Include="ResizeSubscriber.cpp">
      <Filter>Source Files\Events</Filter>
    </ClCompile>
    <ClCompile Include="KeyStateSubscriber.cpp">
      <Filter>Source Files\Events</Filter>
    </ClCompile>
    <ClCompile Include="EventResizeInfo.cpp">
      <Filter>Source Files\Events\EventTypes</Filter>
    </ClCompile>
    <ClCompile Include="MouseStateSubscriber.cpp">
      <Filter>Source Files\Events</Filter>
    </ClCompile>
    <ClCompile Include="EventMouseStateInfo.cpp">
      <Filter>Source Files\Events\EventTypes</Filter>
    </ClCompile>
    <ClCompile Include="EventMoveInfo.cpp">
      <Filter>Source Files\Events\EventTypes</Filter>
    </ClCompile>
    <ClCompile Include="EventInfo.cpp">
      <Filter>Source Files\Events\EventTypes</Filter>
    </ClCompile>
    <ClCompile Include="WindowFrame.cpp">
      <Filter>Source Files\Components</Filter>
    </ClCompile>
    <ClCompile Include="CoreWindowFrame.cpp">
      <Filter>Source Files\Components</Filter>
    </ClCompile>
    <ClCompile Include="Component.cpp">
      <Filter>Source Files\Components</Filter>
    </ClCompile>
    <ClCompile Include="Resizable.cpp">
      <Filter>Source Files\Components</Filter>
    </ClCompile>
    <ClCompile Include="Movable.cpp">
      <Filter>Source Files\Components</Filter>
    </ClCompile>
    <ClCompile Include="MultiTree.cpp">
      <Filter>Source Files\DataTypes</Filter>
    </ClCompile>
    <ClCompile Include="MoveSubscriber.cpp">
      <Filter>Source Files\Events</Filter>
    </ClCompile>
    <ClCompile Include="DefaultMultiTree.cpp">
      <Filter>Source Files\DataTypes</Filter>
    </ClCompile>
  </ItemGroup>
  <ItemGroup>
    <ClInclude Include="resource.h">
      <Filter>Header Files</Filter>
    </ClInclude>
    <ClInclude Include="CoreWindowFrame.h">
      <Filter>Header Files</Filter>
    </ClInclude>
    <ClInclude Include="WinWrapper.h">
      <Filter>Header Files</Filter>
    </ClInclude>
    <ClInclude Include="ApplicationController.h">
      <Filter>Header Files</Filter>
    </ClInclude>
    <ClInclude Include="Border.h">
      <Filter>Header Files</Filter>
    </ClInclude>
    <ClInclude Include="OnAddListener.h">
      <Filter>Header Files</Filter>
    </ClInclude>
    <ClInclude Include="Pane.h">
      <Filter>Header Files</Filter>
    </ClInclude>
    <ClInclude Include="ComponentListener.h">
      <Filter>Header Files</Filter>
    </ClInclude>
    <ClInclude Include="VectorContainer.h">
      <Filter>Header Files</Filter>
    </ClInclude>
    <ClInclude Include="AddEventInfo.h">
      <Filter>Header Files</Filter>
    </ClInclude>
    <ClInclude Include="EventHoverInfo.h">
      <Filter>Header Files</Filter>
    </ClInclude>
    <ClInclude Include="ResizeSubject.h">
      <Filter>Header Files\Events</Filter>
    </ClInclude>
    <ClInclude Include="MoveSubject.h">
      <Filter>Header Files\Events</Filter>
    </ClInclude>
    <ClInclude Include="MouseStateSubject.h">
      <Filter>Header Files\Events</Filter>
    </ClInclude>
    <ClInclude Include="KeyStateSubject.h">
      <Filter>Header Files\Events</Filter>
    </ClInclude>
    <ClInclude Include="ResizeSubscriber.h">
      <Filter>Header Files\Events</Filter>
    </ClInclude>
    <ClInclude Include="KeyStateSubscriber.h">
      <Filter>Header Files\Events</Filter>
    </ClInclude>
    <ClInclude Include="EventResizeInfo.h">
      <Filter>Header Files\Events\EventTypes</Filter>
    </ClInclude>
    <ClInclude Include="MouseStateSubscriber.h">
      <Filter>Header Files\Events</Filter>
    </ClInclude>
    <ClInclude Include="EventMouseStateInfo.h">
      <Filter>Header Files\Events\EventTypes</Filter>
    </ClInclude>
    <ClInclude Include="EventMoveInfo.h">
      <Filter>Header Files\Events\EventTypes</Filter>
    </ClInclude>
    <ClInclude Include="EventInfo.h">
      <Filter>Header Files\Events\EventTypes</Filter>
    </ClInclude>
    <ClInclude Include="WindowFrame.h">
      <Filter>Header Files\Components</Filter>
    </ClInclude>
    <ClInclude Include="Button.h">
      <Filter>Header Files\Components</Filter>
    </ClInclude>
    <ClInclude Include="Component.h">
      <Filter>Header Files\Components</Filter>
    </ClInclude>
    <ClInclude Include="Resizable.h">
      <Filter>Header Files\Components</Filter>
    </ClInclude>
    <ClInclude Include="Movable.h">
      <Filter>Header Files\Components</Filter>
    </ClInclude>
    <ClInclude Include="MoveSubscriber.h">
      <Filter>Header Files\Events</Filter>
    </ClInclude>
    <ClInclude Include="MultiTree.h">
      <Filter>Header Files\DataTypes</Filter>
    </ClInclude>
    <ClInclude Include="DefaultMultiTree.h">
      <Filter>Header Files\DataTypes</Filter>
    </ClInclude>
  </ItemGroup>
  <ItemGroup>
    <ResourceCompile Include="Graphics.rc">
      <Filter>Resource Files</Filter>
    </ResourceCompile>
  </ItemGroup>
</Project>